
Microsoft Visual Studio Solution File, Format Version 12.00
# Visual Studio Version 17
VisualStudioVersion = 17.7.34031.279
MinimumVisualStudioVersion = 10.0.40219.1
Project("{FAE04EC0-301F-11D3-BF4B-00C04F79EFBC}") = "ADODemo", "ADODemo\ADODemo.csproj", "{C7800C49-1576-4BAF-90E7-14A193416E4D}"
EndProject
Global
	GlobalSection(SolutionConfigurationPlatforms) = preSolution
		Debug|Any CPU = Debug|Any CPU
		Release|Any CPU = Release|Any CPU
	EndGlobalSection
	GlobalSection(ProjectConfigurationPlatforms) = postSolution
		{C7800C49-1576-4BAF-90E7-14A193416E4D}.Debug|Any CPU.ActiveCfg = Debug|Any CPU
		{C7800C49-1576-4BAF-90E7-14A193416E4D}.Debug|Any CPU.Build.0 = Debug|Any CPU
		{C7800C49-1576-4BAF-90E7-14A193416E4D}.Release|Any CPU.ActiveCfg = Release|Any CPU
		{C7800C49-1576-4BAF-90E7-14A193416E4D}.Release|Any CPU.Build.0 = Release|Any CPU
	EndGlobalSection
	GlobalSection(SolutionProperties) = preSolution
		HideSolutionNode = FALSE
	EndGlobalSection
	GlobalSection(ExtensibilityGlobals) = postSolution
		SolutionGuid = {FB1BC28B-A2D3-4807-916F-7C4CE2528448}
	EndGlobalSection
EndGlobal
